
Microsoft Visual Studio Solution File, Format Version 12.00
# Visual Studio Version 17
VisualStudioVersion = 17.7.34202.233
MinimumVisualStudioVersion = 10.0.40219.1
Project("{9A19103F-16F7-4668-BE54-9A1E7A4F7556}") = "BudgetApp", "BudgetApp\BudgetApp.csproj", "{8C71EE1F-2E4D-49C8-8EF1-65A93A9C0CB9}"
EndProject
Global
	GlobalSection(SolutionConfigurationPlatforms) = preSolution
		Debug|Any CPU = Debug|Any CPU
		Release|Any CPU = Release|Any CPU
	EndGlobalSection
	GlobalSection(ProjectConfigurationPlatforms) = postSolution
		{8C71EE1F-2E4D-49C8-8EF1-65A93A9C0CB9}.Debug|Any CPU.ActiveCfg = Debug|Any CPU
		{8C71EE1F-2E4D-49C8-8EF1-65A93A9C0CB9}.Debug|Any CPU.Build.0 = Debug|Any CPU
		{8C71EE1F-2E4D-49C8-8EF1-65A93A9C0CB9}.Release|Any CPU.ActiveCfg = Release|Any CPU
		{8C71EE1F-2E4D-49C8-8EF1-65A93A9C0CB9}.Release|Any CPU.Build.0 = Release|Any CPU
	EndGlobalSection
	GlobalSection(SolutionProperties) = preSolution
		HideSolutionNode = FALSE
	EndGlobalSection
	GlobalSection(ExtensibilityGlobals) = postSolution
		SolutionGuid = {10DF3E49-9115-4148-8F07-B05A99D7C846}
	EndGlobalSection
EndGlobal
